<?xml version="1.0" encoding="utf-8"?>
<Project ToolsVersion="4.0" xmlns="http://schemas.microsoft.com/developer/msbuild/2003">
  <ItemGroup>
    <Filter Include="geometry">
      <UniqueIdentifier>{41de0a08-7232-425f-b9ca-8c832516fd7b}</UniqueIdentifier>
    </Filter>
    <Filter Include="geometry\triangulation">
      <UniqueIdentifier>{4c39aad5-5036-47c1-b7b6-29fa83626a68}</UniqueIdentifier>
    </Filter>
  </ItemGroup>
  <ItemGroup>
    <ClCompile Include="src\main.cpp" />
    <ClCompile Include="src\triangle.cpp">
      <Filter>geometry\triangulation</Filter>
    </ClCompile>
    <ClCompile Include="src\triangulation.cpp">
      <Filter>geometry\triangulation</Filter>
    </ClCompile>
    <ClCompile Include="src\bounding_rect.cpp">
      <Filter>geometry</Filter>
    </ClCompile>
  </ItemGroup>
  <ItemGroup>
    <ClInclude Include="src\triangle.h">
      <Filter>geometry\triangulation</Filter>
    </ClInclude>
    <ClInclude Include="src\triangulation.h">
      <Filter>geometry\triangulation</Filter>
    </ClInclude>
    <ClInclude Include="src\bounding_rect.h">
      <Filter>geometry</Filter>
    </ClInclude>
    <ClInclude Include="src\point.h">
      <Filter>geometry\triangulation</Filter>
    </ClInclude>
  </ItemGroup>
</Project>